{
  "version": 4,
  "terraform_version": "1.7.5",
  "serial": 15,
  "lineage": "fef46c48-00ac-2245-e603-c235e4ad835a",
  "outputs": {
    "info": {
      "value": [
        {
          "hostname": "demo-vm-1",
          "ip-addr": "192.168.112.148"
        },
        {
          "hostname": "demo-vm-2",
          "ip-addr": "192.168.112.149"
        },
        {
          "hostname": "demo-vm-3",
          "ip-addr": "192.168.112.147"
        }
      ],
      "type": [
        "tuple",
        [
          [
            "object",
            {
              "hostname": "string",
              "ip-addr": "string"
            }
          ],
          [
            "object",
            {
              "hostname": "string",
              "ip-addr": "string"
            }
          ],
          [
            "object",
            {
              "hostname": "string",
              "ip-addr": "string"
            }
          ]
        ]
      ]
    }
  },
  "resources": [
    {
      "mode": "managed",
      "type": "proxmox_vm_qemu",
      "name": "vm",
      "provider": "provider[\"registry.terraform.io/telmate/proxmox\"]",
      "instances": [
        {
          "index_key": 0,
          "schema_version": 0,
          "attributes": {
            "additional_wait": 5,
            "agent": 1,
            "args": "",
            "automatic_reboot": true,
            "balloon": 0,
            "bios": "seabios",
            "boot": "c",
            "bootdisk": "scsi0",
            "bridge": null,
            "ci_wait": null,
            "cicustom": "",
            "cipassword": "password",
            "ciuser": "coba",
            "clone": "ubuntu-jam",
            "clone_wait": 10,
            "cloudinit_cdrom_storage": "local-lvm",
            "cores": 1,
            "cpu": "host",
            "default_ipv4_address": "192.168.112.148",
            "define_connection_info": true,
            "desc": "",
            "disk": [],
            "disk_gb": null,
            "disks": [
              {
                "ide": [],
                "sata": [],
                "scsi": [
                  {
                    "scsi0": [
                      {
                        "cdrom": [],
                        "disk": [
                          {
                            "asyncio": "",
                            "backup": true,
                            "cache": "",
                            "discard": false,
                            "emulatessd": false,
                            "format": "raw",
                            "id": 0,
                            "iops_r_burst": 0,
                            "iops_r_burst_length": 0,
                            "iops_r_concurrent": 0,
                            "iops_wr_burst": 0,
                            "iops_wr_burst_length": 0,
                            "iops_wr_concurrent": 0,
                            "iothread": false,
                            "linked_disk_id": -1,
                            "mbps_r_burst": 0,
                            "mbps_r_concurrent": 0,
                            "mbps_wr_burst": 0,
                            "mbps_wr_concurrent": 0,
                            "readonly": false,
                            "replicate": false,
                            "serial": "",
                            "size": 10,
                            "storage": "local-lvm",
                            "wwn": ""
                          }
                        ],
                        "passthrough": []
                      }
                    ],
                    "scsi1": [],
                    "scsi10": [],
                    "scsi11": [],
                    "scsi12": [],
                    "scsi13": [],
                    "scsi14": [],
                    "scsi15": [],
                    "scsi16": [],
                    "scsi17": [],
                    "scsi18": [],
                    "scsi19": [],
                    "scsi2": [],
                    "scsi20": [],
                    "scsi21": [],
                    "scsi22": [],
                    "scsi23": [],
                    "scsi24": [],
                    "scsi25": [],
                    "scsi26": [],
                    "scsi27": [],
                    "scsi28": [],
                    "scsi29": [],
                    "scsi3": [],
                    "scsi30": [],
                    "scsi4": [],
                    "scsi5": [],
                    "scsi6": [],
                    "scsi7": [],
                    "scsi8": [],
                    "scsi9": []
                  }
                ],
                "virtio": []
              }
            ],
            "efidisk": [],
            "force_create": false,
            "force_recreate_on_change_of": null,
            "full_clone": true,
            "guest_agent_ready_timeout": 100,
            "hagroup": "",
            "hastate": "",
            "hostpci": [],
            "hotplug": "network,disk,usb",
            "id": "pve/qemu/401",
            "ipconfig0": "ip=dhcp",
            "ipconfig1": "",
            "ipconfig10": "",
            "ipconfig11": "",
            "ipconfig12": "",
            "ipconfig13": "",
            "ipconfig14": "",
            "ipconfig15": "",
            "ipconfig2": "",
            "ipconfig3": "",
            "ipconfig4": "",
            "ipconfig5": "",
            "ipconfig6": "",
            "ipconfig7": "",
            "ipconfig8": "",
            "ipconfig9": "",
            "iso": "",
            "kvm": true,
            "linked_vmid": 0,
            "mac": null,
            "machine": "",
            "memory": 1024,
            "name": "demo-vm-1",
            "nameserver": "",
            "network": [
              {
                "bridge": "vmbr0",
                "firewall": false,
                "link_down": false,
                "macaddr": "D6:6C:4F:9A:5A:1B",
                "model": "virtio",
                "mtu": 0,
                "queues": 0,
                "rate": 0,
                "tag": -1
              }
            ],
            "nic": null,
            "numa": false,
            "onboot": false,
            "oncreate": false,
            "os_network_config": null,
            "os_type": "cloud-init",
            "pool": "",
            "preprovision": true,
            "pxe": null,
            "qemu_os": "other",
            "reboot_required": false,
            "scsihw": "virtio-scsi-pci",
            "searchdomain": "",
            "serial": [],
            "smbios": [
              {
                "family": "",
                "manufacturer": "",
                "product": "",
                "serial": "",
                "sku": "",
                "uuid": "3e1955e3-7c34-44f1-a462-18176fc593fa",
                "version": ""
              }
            ],
            "sockets": 1,
            "ssh_forward_ip": null,
            "ssh_host": "192.168.112.148",
            "ssh_port": "22",
            "ssh_private_key": null,
            "ssh_user": null,
            "sshkeys": "ssh-rsa AAAAB3NzaC1yc2EAAAADAQABAAABgQDQeVQ850CdNXI4wPtIfmZ5xNey7mPy/uXi0o01B9NXckAE/MRkl9YsSdLTy7/d8C7SWiFal4K1NzISRAWi1ICABJiH3MxC73JUt+eep5Ji4VOBZGMrCtAtHD//2EJQux2IU8ErlFXCtuXO47Oa6r7voxB/sNhyY1f8hLHk9u113iECYxTHGwOGssdWGIyECw9W5zoZDWEVrrxmshdswvbnBgOWy/mgHKnLUBHQwNoF9fJol2xP9gzReVMmzyE4XM90N1pxQOkFwL70COJENjKTpEUxVSRjEvfn1a2pLGNJXcq0oouA0kyL4EniQcGJ7znVFOZzj7yR8/Z7ksz73mScQBjUu2lLaWblDuhtRQYP1c8jpCgGx/bkdz75T/HwGqdFAcifAf6qC2K2BgHPpZAxS7AGlxQeEFwue1+vVCvfSG+MN/g/r6Iu/+NGJTgpDmNMjQPxq/OFw1WB9bZ2Gr0kb6VofWemXI8SWJ7Qc0QQZeXNes43Je0mhKAUTQbjyzU= hafid@ASUS\r\n\n",
            "startup": "",
            "storage": null,
            "storage_type": null,
            "tablet": true,
            "tags": "",
            "target_node": "pve",
            "target_nodes": null,
            "timeouts": null,
            "unused_disk": [],
            "usb": [],
            "vcpus": 0,
            "vga": [],
            "vlan": -1,
            "vm_state": "running",
            "vmid": 401
          },
          "sensitive_attributes": [
            [
              {
                "type": "get_attr",
                "value": "cipassword"
              }
            ]
          ],
          "private": "eyJlMmJmYjczMC1lY2FhLTExZTYtOGY4OC0zNDM2M2JjN2M0YzAiOnsiY3JlYXRlIjoxMjAwMDAwMDAwMDAwLCJkZWZhdWx0IjoxMjAwMDAwMDAwMDAwLCJkZWxldGUiOjEyMDAwMDAwMDAwMDAsInJlYWQiOjEyMDAwMDAwMDAwMDAsInVwZGF0ZSI6MTIwMDAwMDAwMDAwMH19"
        },
        {
          "index_key": 1,
          "schema_version": 0,
          "attributes": {
            "additional_wait": 5,
            "agent": 1,
            "args": "",
            "automatic_reboot": true,
            "balloon": 0,
            "bios": "seabios",
            "boot": "c",
            "bootdisk": "scsi0",
            "bridge": null,
            "ci_wait": null,
            "cicustom": "",
            "cipassword": "password",
            "ciuser": "coba",
            "clone": "ubuntu-jam",
            "clone_wait": 10,
            "cloudinit_cdrom_storage": "local-lvm",
            "cores": 1,
            "cpu": "host",
            "default_ipv4_address": "192.168.112.149",
            "define_connection_info": true,
            "desc": "",
            "disk": [],
            "disk_gb": null,
            "disks": [
              {
                "ide": [],
                "sata": [],
                "scsi": [
                  {
                    "scsi0": [
                      {
                        "cdrom": [],
                        "disk": [
                          {
                            "asyncio": "",
                            "backup": true,
                            "cache": "",
                            "discard": false,
                            "emulatessd": false,
                            "format": "raw",
                            "id": 0,
                            "iops_r_burst": 0,
                            "iops_r_burst_length": 0,
                            "iops_r_concurrent": 0,
                            "iops_wr_burst": 0,
                            "iops_wr_burst_length": 0,
                            "iops_wr_concurrent": 0,
                            "iothread": false,
                            "linked_disk_id": -1,
                            "mbps_r_burst": 0,
                            "mbps_r_concurrent": 0,
                            "mbps_wr_burst": 0,
                            "mbps_wr_concurrent": 0,
                            "readonly": false,
                            "replicate": false,
                            "serial": "",
                            "size": 10,
                            "storage": "local-lvm",
                            "wwn": ""
                          }
                        ],
                        "passthrough": []
                      }
                    ],
                    "scsi1": [],
                    "scsi10": [],
                    "scsi11": [],
                    "scsi12": [],
                    "scsi13": [],
                    "scsi14": [],
                    "scsi15": [],
                    "scsi16": [],
                    "scsi17": [],
                    "scsi18": [],
                    "scsi19": [],
                    "scsi2": [],
                    "scsi20": [],
                    "scsi21": [],
                    "scsi22": [],
                    "scsi23": [],
                    "scsi24": [],
                    "scsi25": [],
                    "scsi26": [],
                    "scsi27": [],
                    "scsi28": [],
                    "scsi29": [],
                    "scsi3": [],
                    "scsi30": [],
                    "scsi4": [],
                    "scsi5": [],
                    "scsi6": [],
                    "scsi7": [],
                    "scsi8": [],
                    "scsi9": []
                  }
                ],
                "virtio": []
              }
            ],
            "efidisk": [],
            "force_create": false,
            "force_recreate_on_change_of": null,
            "full_clone": true,
            "guest_agent_ready_timeout": 100,
            "hagroup": "",
            "hastate": "",
            "hostpci": [],
            "hotplug": "network,disk,usb",
            "id": "pve/qemu/402",
            "ipconfig0": "ip=dhcp",
            "ipconfig1": "",
            "ipconfig10": "",
            "ipconfig11": "",
            "ipconfig12": "",
            "ipconfig13": "",
            "ipconfig14": "",
            "ipconfig15": "",
            "ipconfig2": "",
            "ipconfig3": "",
            "ipconfig4": "",
            "ipconfig5": "",
            "ipconfig6": "",
            "ipconfig7": "",
            "ipconfig8": "",
            "ipconfig9": "",
            "iso": "",
            "kvm": true,
            "linked_vmid": 0,
            "mac": null,
            "machine": "",
            "memory": 1024,
            "name": "demo-vm-2",
            "nameserver": "",
            "network": [
              {
                "bridge": "vmbr0",
                "firewall": false,
                "link_down": false,
                "macaddr": "CA:13:A4:F6:2D:A5",
                "model": "virtio",
                "mtu": 0,
                "queues": 0,
                "rate": 0,
                "tag": -1
              }
            ],
            "nic": null,
            "numa": false,
            "onboot": false,
            "oncreate": false,
            "os_network_config": null,
            "os_type": "cloud-init",
            "pool": "",
            "preprovision": true,
            "pxe": null,
            "qemu_os": "other",
            "reboot_required": false,
            "scsihw": "virtio-scsi-pci",
            "searchdomain": "",
            "serial": [],
            "smbios": [
              {
                "family": "",
                "manufacturer": "",
                "product": "",
                "serial": "",
                "sku": "",
                "uuid": "c48383fc-cbde-4034-b918-dd4fb066a13f",
                "version": ""
              }
            ],
            "sockets": 1,
            "ssh_forward_ip": null,
            "ssh_host": "192.168.112.149",
            "ssh_port": "22",
            "ssh_private_key": null,
            "ssh_user": null,
            "sshkeys": "ssh-rsa AAAAB3NzaC1yc2EAAAADAQABAAABgQDQeVQ850CdNXI4wPtIfmZ5xNey7mPy/uXi0o01B9NXckAE/MRkl9YsSdLTy7/d8C7SWiFal4K1NzISRAWi1ICABJiH3MxC73JUt+eep5Ji4VOBZGMrCtAtHD//2EJQux2IU8ErlFXCtuXO47Oa6r7voxB/sNhyY1f8hLHk9u113iECYxTHGwOGssdWGIyECw9W5zoZDWEVrrxmshdswvbnBgOWy/mgHKnLUBHQwNoF9fJol2xP9gzReVMmzyE4XM90N1pxQOkFwL70COJENjKTpEUxVSRjEvfn1a2pLGNJXcq0oouA0kyL4EniQcGJ7znVFOZzj7yR8/Z7ksz73mScQBjUu2lLaWblDuhtRQYP1c8jpCgGx/bkdz75T/HwGqdFAcifAf6qC2K2BgHPpZAxS7AGlxQeEFwue1+vVCvfSG+MN/g/r6Iu/+NGJTgpDmNMjQPxq/OFw1WB9bZ2Gr0kb6VofWemXI8SWJ7Qc0QQZeXNes43Je0mhKAUTQbjyzU= hafid@ASUS\r\n\n",
            "startup": "",
            "storage": null,
            "storage_type": null,
            "tablet": true,
            "tags": "",
            "target_node": "pve",
            "target_nodes": null,
            "timeouts": null,
            "unused_disk": [],
            "usb": [],
            "vcpus": 0,
            "vga": [],
            "vlan": -1,
            "vm_state": "running",
            "vmid": 402
          },
          "sensitive_attributes": [
            [
              {
                "type": "get_attr",
                "value": "cipassword"
              }
            ]
          ],
          "private": "eyJlMmJmYjczMC1lY2FhLTExZTYtOGY4OC0zNDM2M2JjN2M0YzAiOnsiY3JlYXRlIjoxMjAwMDAwMDAwMDAwLCJkZWZhdWx0IjoxMjAwMDAwMDAwMDAwLCJkZWxldGUiOjEyMDAwMDAwMDAwMDAsInJlYWQiOjEyMDAwMDAwMDAwMDAsInVwZGF0ZSI6MTIwMDAwMDAwMDAwMH19"
        },
        {
          "index_key": 2,
          "schema_version": 0,
          "attributes": {
            "additional_wait": 5,
            "agent": 1,
            "args": "",
            "automatic_reboot": true,
            "balloon": 0,
            "bios": "seabios",
            "boot": "c",
            "bootdisk": "scsi0",
            "bridge": null,
            "ci_wait": null,
            "cicustom": "",
            "cipassword": "password",
            "ciuser": "coba",
            "clone": "ubuntu-jam",
            "clone_wait": 10,
            "cloudinit_cdrom_storage": "local-lvm",
            "cores": 1,
            "cpu": "host",
            "default_ipv4_address": "192.168.112.147",
            "define_connection_info": true,
            "desc": "",
            "disk": [],
            "disk_gb": null,
            "disks": [
              {
                "ide": [],
                "sata": [],
                "scsi": [
                  {
                    "scsi0": [
                      {
                        "cdrom": [],
                        "disk": [
                          {
                            "asyncio": "",
                            "backup": true,
                            "cache": "",
                            "discard": false,
                            "emulatessd": false,
                            "format": "raw",
                            "id": 0,
                            "iops_r_burst": 0,
                            "iops_r_burst_length": 0,
                            "iops_r_concurrent": 0,
                            "iops_wr_burst": 0,
                            "iops_wr_burst_length": 0,
                            "iops_wr_concurrent": 0,
                            "iothread": false,
                            "linked_disk_id": -1,
                            "mbps_r_burst": 0,
                            "mbps_r_concurrent": 0,
                            "mbps_wr_burst": 0,
                            "mbps_wr_concurrent": 0,
                            "readonly": false,
                            "replicate": false,
                            "serial": "",
                            "size": 10,
                            "storage": "local-lvm",
                            "wwn": ""
                          }
                        ],
                        "passthrough": []
                      }
                    ],
                    "scsi1": [],
                    "scsi10": [],
                    "scsi11": [],
                    "scsi12": [],
                    "scsi13": [],
                    "scsi14": [],
                    "scsi15": [],
                    "scsi16": [],
                    "scsi17": [],
                    "scsi18": [],
                    "scsi19": [],
                    "scsi2": [],
                    "scsi20": [],
                    "scsi21": [],
                    "scsi22": [],
                    "scsi23": [],
                    "scsi24": [],
                    "scsi25": [],
                    "scsi26": [],
                    "scsi27": [],
                    "scsi28": [],
                    "scsi29": [],
                    "scsi3": [],
                    "scsi30": [],
                    "scsi4": [],
                    "scsi5": [],
                    "scsi6": [],
                    "scsi7": [],
                    "scsi8": [],
                    "scsi9": []
                  }
                ],
                "virtio": []
              }
            ],
            "efidisk": [],
            "force_create": false,
            "force_recreate_on_change_of": null,
            "full_clone": true,
            "guest_agent_ready_timeout": 100,
            "hagroup": "",
            "hastate": "",
            "hostpci": [],
            "hotplug": "network,disk,usb",
            "id": "pve/qemu/403",
            "ipconfig0": "ip=dhcp",
            "ipconfig1": "",
            "ipconfig10": "",
            "ipconfig11": "",
            "ipconfig12": "",
            "ipconfig13": "",
            "ipconfig14": "",
            "ipconfig15": "",
            "ipconfig2": "",
            "ipconfig3": "",
            "ipconfig4": "",
            "ipconfig5": "",
            "ipconfig6": "",
            "ipconfig7": "",
            "ipconfig8": "",
            "ipconfig9": "",
            "iso": "",
            "kvm": true,
            "linked_vmid": 0,
            "mac": null,
            "machine": "",
            "memory": 1024,
            "name": "demo-vm-3",
            "nameserver": "",
            "network": [
              {
                "bridge": "vmbr0",
                "firewall": false,
                "link_down": false,
                "macaddr": "46:2B:68:74:50:9E",
                "model": "virtio",
                "mtu": 0,
                "queues": 0,
                "rate": 0,
                "tag": -1
              }
            ],
            "nic": null,
            "numa": false,
            "onboot": false,
            "oncreate": false,
            "os_network_config": null,
            "os_type": "cloud-init",
            "pool": "",
            "preprovision": true,
            "pxe": null,
            "qemu_os": "other",
            "reboot_required": false,
            "scsihw": "virtio-scsi-pci",
            "searchdomain": "",
            "serial": [],
            "smbios": [
              {
                "family": "",
                "manufacturer": "",
                "product": "",
                "serial": "",
                "sku": "",
                "uuid": "423b7f6b-cd02-42b8-aec1-52c14626a57e",
                "version": ""
              }
            ],
            "sockets": 1,
            "ssh_forward_ip": null,
            "ssh_host": "192.168.112.147",
            "ssh_port": "22",
            "ssh_private_key": null,
            "ssh_user": null,
            "sshkeys": "ssh-rsa AAAAB3NzaC1yc2EAAAADAQABAAABgQDQeVQ850CdNXI4wPtIfmZ5xNey7mPy/uXi0o01B9NXckAE/MRkl9YsSdLTy7/d8C7SWiFal4K1NzISRAWi1ICABJiH3MxC73JUt+eep5Ji4VOBZGMrCtAtHD//2EJQux2IU8ErlFXCtuXO47Oa6r7voxB/sNhyY1f8hLHk9u113iECYxTHGwOGssdWGIyECw9W5zoZDWEVrrxmshdswvbnBgOWy/mgHKnLUBHQwNoF9fJol2xP9gzReVMmzyE4XM90N1pxQOkFwL70COJENjKTpEUxVSRjEvfn1a2pLGNJXcq0oouA0kyL4EniQcGJ7znVFOZzj7yR8/Z7ksz73mScQBjUu2lLaWblDuhtRQYP1c8jpCgGx/bkdz75T/HwGqdFAcifAf6qC2K2BgHPpZAxS7AGlxQeEFwue1+vVCvfSG+MN/g/r6Iu/+NGJTgpDmNMjQPxq/OFw1WB9bZ2Gr0kb6VofWemXI8SWJ7Qc0QQZeXNes43Je0mhKAUTQbjyzU= hafid@ASUS\r\n\n",
            "startup": "",
            "storage": null,
            "storage_type": null,
            "tablet": true,
            "tags": "",
            "target_node": "pve",
            "target_nodes": null,
            "timeouts": null,
            "unused_disk": [],
            "usb": [],
            "vcpus": 0,
            "vga": [],
            "vlan": -1,
            "vm_state": "running",
            "vmid": 403
          },
          "sensitive_attributes": [
            [
              {
                "type": "get_attr",
                "value": "cipassword"
              }
            ]
          ],
          "private": "eyJlMmJmYjczMC1lY2FhLTExZTYtOGY4OC0zNDM2M2JjN2M0YzAiOnsiY3JlYXRlIjoxMjAwMDAwMDAwMDAwLCJkZWZhdWx0IjoxMjAwMDAwMDAwMDAwLCJkZWxldGUiOjEyMDAwMDAwMDAwMDAsInJlYWQiOjEyMDAwMDAwMDAwMDAsInVwZGF0ZSI6MTIwMDAwMDAwMDAwMH19"
        }
      ]
    }
  ],
  "check_results": null
}
